# This file is autogenerated, do not edit; changes may be undone by the next 'dep ensure'.


[[projects]]
  name = "github.com/davecgh/go-spew"
  packages = ["spew"]
  revision = "8991bc29aa16c548c550c7ff78260e27b9ab7c73"
  version = "v1.1.1"

[[projects]]
  name = "github.com/go-qbit/qerror"
  packages = ["."]
  revision = "602345950747e44944bba0aeb0c35914d1418bfd"
  version = "v1.2.3"

[[projects]]
  branch = "master"
  name = "github.com/go-qbit/rbac"
  packages = ["."]
  revision = "6c781a48abb74bcec3936ce6383f0b49773caa22"

[[projects]]
  name = "github.com/go-qbit/timelog"
  packages = ["."]
  revision = "cffac1ad0017213cac9d32e208da6d7c5f62b7a9"
  version = "0.1.0"

[[projects]]
  name = "github.com/pmezard/go-difflib"
  packages = ["difflib"]
  revision = "792786c7400a136282c1664665ae0a8db921c6c2"
  version = "v1.0.0"

[[projects]]
  name = "github.com/stretchr/testify"
  packages = ["assert","require","suite"]
  revision = "221dbe5ed46703ee255b1da0dec05086f5035f62"
  version = "v1.4.0"

[[projects]]
  name = "gopkg.in/yaml.v2"
  packages = ["."]
  revision = "f90ceb4f409096b60e2e9076b38b304b8246e5fa"
  version = "v2.2.5"

[solve-meta]
  analyzer-name = "dep"
  analyzer-version = 1
  inputs-digest = "49590e30f05967c4311084ff3fee8508ab0065a42275b54e3b0aa59551ee51be"
  solver-name = "gps-cdcl"
  solver-version = 1
